{
  "version": 4,
  "terraform_version": "1.10.5",
  "serial": 14,
  "lineage": "0313e5a0-d71b-22c6-d252-c9e314eca83a",
  "outputs": {},
  "resources": [
    {
      "module": "module.vcd_vm",
      "mode": "managed",
      "type": "vcd_vapp_vm",
      "name": "yashvmfromjenkin2",
      "provider": "provider[\"registry.terraform.io/vmware/vcd\"]",
      "instances": [
        {
          "status": "tainted",
          "schema_version": 0,
          "attributes": {
            "accept_all_eulas": true,
            "boot_image": null,
            "boot_image_id": null,
            "boot_options": null,
            "catalog_name": null,
            "computer_name": null,
            "consolidate_disks_on_create": false,
            "copy_from_vm_id": null,
            "cpu_cores": null,
            "cpu_hot_add_enabled": false,
            "cpu_limit": null,
            "cpu_priority": null,
            "cpu_reservation": null,
            "cpu_shares": null,
            "cpus": 2,
            "customization": [
              {
                "admin_password": "",
                "allow_local_admin_password": false,
                "auto_generate_password": false,
                "change_sid": false,
                "enabled": false,
                "force": false,
                "initscript": "#!/bin/sh\r\n\r\n# resize disk\r\nparted /dev/sda resizepart 3 100% \u003e\u003e /var/log/startup.log\r\npvresize /dev/sda3 \u003e\u003e /var/log/startup.log\r\nlvextend -r -l +100%FREE /dev/ubuntu-vg/ubuntu-lv \u003e\u003e /var/log/startup.log\r\nresize2fs /dev/mapper/ubuntu--vg-ubuntu--lv \u003e\u003e /var/log/startup.log\r\n",
                "join_domain": false,
                "join_domain_account_ou": "",
                "join_domain_name": "",
                "join_domain_password": "",
                "join_domain_user": "",
                "join_org_domain": false,
                "must_change_password_on_first_login": false,
                "number_of_auto_logons": 0
              }
            ],
            "description": null,
            "disk": [],
            "expose_hardware_virtualization": false,
            "extra_config": null,
            "firmware": null,
            "guest_properties": null,
            "hardware_version": null,
            "href": null,
            "id": "urn:vcloud:vm:62ee27a0-bfbe-4de6-91aa-5f5172f6758c",
            "imported": null,
            "inherited_metadata": null,
            "internal_disk": null,
            "memory": 4096,
            "memory_hot_add_enabled": false,
            "memory_limit": null,
            "memory_priority": null,
            "memory_reservation": null,
            "memory_shares": null,
            "metadata": null,
            "metadata_entry": [],
            "name": "yash-terraform-test",
            "network": [
              {
                "adapter_type": "",
                "connected": true,
                "ip": "10.10.10.4",
                "ip_allocation_mode": "MANUAL",
                "is_primary": false,
                "mac": "",
                "name": "private",
                "secondary_ip": "",
                "secondary_ip_allocation_mode": "",
                "type": "org"
              }
            ],
            "network_dhcp_wait_seconds": null,
            "org": "MY1VMC2-DEMO",
            "os_type": null,
            "override_template_disk": [
              {
                "bus_number": 0,
                "bus_type": "parallel",
                "iops": null,
                "size_in_mb": 50,
                "storage_profile": "FTT1-Medium-IOPs(Performance-VMC2)",
                "unit_number": 0
              }
            ],
            "placement_policy_id": null,
            "power_on": true,
            "prevent_update_power_off": false,
            "security_tags": [],
            "set_extra_config": [],
            "sizing_policy_id": null,
            "status": null,
            "status_text": null,
            "storage_profile": null,
            "template_name": null,
            "vapp_id": null,
            "vapp_name": "jenkins-vapp",
            "vapp_template_id": "d2123d78-afc8-441a-a11d-b3b64d1cd03f",
            "vdc": "MY1VMC2-DemoVDC",
            "vm_name_in_template": null,
            "vm_type": "vcd_vapp_vm"
          },
          "sensitive_attributes": [
            [
              {
                "type": "get_attr",
                "value": "customization"
              },
              {
                "type": "index",
                "value": {
                  "value": 0,
                  "type": "number"
                }
              },
              {
                "type": "get_attr",
                "value": "join_domain_password"
              }
            ],
            [
              {
                "type": "get_attr",
                "value": "customization"
              },
              {
                "type": "index",
                "value": {
                  "value": 0,
                  "type": "number"
                }
              },
              {
                "type": "get_attr",
                "value": "admin_password"
              }
            ]
          ],
          "private": "bnVsbA=="
        }
      ]
    }
  ],
  "check_results": null
}
