{
  "version": 4,
  "terraform_version": "1.6.2",
  "serial": 1,
  "lineage": "5d3dc065-fe76-8fbb-6d37-b4d807ead647",
  "outputs": {},
  "resources": [
    {
      "module": "module.vcd_vm",
      "mode": "managed",
      "type": "vcd_vapp_vm",
      "name": "yashvmfromjenkin2",
      "provider": "provider[\"registry.terraform.io/vmware/vcd\"]",
      "instances": [
        {
          "status": "tainted",
          "schema_version": 0,
          "attributes": {
            "accept_all_eulas": true,
            "boot_image": null,
            "boot_image_id": null,
            "catalog_name": "Templates",
            "computer_name": null,
            "cpu_cores": null,
            "cpu_hot_add_enabled": false,
            "cpu_limit": null,
            "cpu_priority": null,
            "cpu_reservation": null,
            "cpu_shares": null,
            "cpus": 2,
            "customization": [
              {
                "admin_password": "",
                "allow_local_admin_password": false,
                "auto_generate_password": false,
                "change_sid": false,
                "enabled": false,
                "force": false,
                "initscript": "#!/bin/sh\n\n# resize disk\nparted /dev/sda resizepart 3 100% \u003e\u003e /var/log/startup.log\npvresize /dev/sda3 \u003e\u003e /var/log/startup.log\nlvextend -r -l +100%FREE /dev/ubuntu-vg/ubuntu-lv \u003e\u003e /var/log/startup.log\nresize2fs /dev/mapper/ubuntu--vg-ubuntu--lv \u003e\u003e /var/log/startup.log\r\n",
                "join_domain": false,
                "join_domain_account_ou": "",
                "join_domain_name": "",
                "join_domain_password": "",
                "join_domain_user": "",
                "join_org_domain": false,
                "must_change_password_on_first_login": false,
                "number_of_auto_logons": 0
              }
            ],
            "description": null,
            "disk": [],
            "expose_hardware_virtualization": false,
            "guest_properties": null,
            "hardware_version": null,
            "href": null,
            "id": "urn:vcloud:vm:293e7c99-b80a-4351-8d39-05aae0a34747",
            "internal_disk": null,
            "memory": 2048,
            "memory_hot_add_enabled": false,
            "memory_limit": null,
            "memory_priority": null,
            "memory_reservation": null,
            "memory_shares": null,
            "metadata": null,
            "metadata_entry": [],
            "name": "yashfromcodewithfile",
            "network": [
              {
                "adapter_type": "",
                "connected": true,
                "ip": "10.10.10.23",
                "ip_allocation_mode": "MANUAL",
                "is_primary": false,
                "mac": "",
                "name": "private",
                "type": "org"
              }
            ],
            "network_dhcp_wait_seconds": null,
            "org": "MY1VMC2-DEMO",
            "os_type": null,
            "override_template_disk": [
              {
                "bus_number": 0,
                "bus_type": "parallel",
                "iops": null,
                "size_in_mb": 40960,
                "storage_profile": "FTT1-Medium-IOPs(Performance-VMC2)",
                "unit_number": 0
              }
            ],
            "placement_policy_id": null,
            "power_on": true,
            "prevent_update_power_off": false,
            "security_tags": [],
            "sizing_policy_id": null,
            "status": null,
            "status_text": null,
            "storage_profile": null,
            "template_name": "Parl-Plain_Ubuntu22",
            "vapp_name": "yash-vApp-provisionerfromjenkin",
            "vapp_template_id": null,
            "vdc": "MY1VMC2-DemoVDC",
            "vm_name_in_template": null,
            "vm_type": "vcd_vapp_vm"
          },
          "sensitive_attributes": [],
          "private": "bnVsbA=="
        }
      ]
    }
  ],
  "check_results": null
}
