{
  "version": 4,
  "terraform_version": "1.10.5",
  "serial": 17,
  "lineage": "0313e5a0-d71b-22c6-d252-c9e314eca83a",
  "outputs": {},
  "resources": [
    {
      "module": "module.vcd_vm",
      "mode": "managed",
      "type": "vcd_vapp_vm",
      "name": "yashvmfromjenkin2",
      "provider": "provider[\"registry.terraform.io/vmware/vcd\"]",
      "instances": [
        {
          "schema_version": 0,
          "attributes": {
            "accept_all_eulas": true,
            "boot_image": null,
            "boot_image_id": null,
            "boot_options": [
              {
                "boot_delay": 0,
                "boot_retry_delay": 10000,
                "boot_retry_enabled": false,
                "efi_secure_boot": false,
                "enter_bios_setup_on_next_boot": false
              }
            ],
            "catalog_name": null,
            "computer_name": "Ubuntu22LTS",
            "consolidate_disks_on_create": false,
            "copy_from_vm_id": null,
            "cpu_cores": 1,
            "cpu_hot_add_enabled": false,
            "cpu_limit": null,
            "cpu_priority": "NORMAL",
            "cpu_reservation": null,
            "cpu_shares": 2000,
            "cpus": 2,
            "customization": [
              {
                "admin_password": "Ex@2024",
                "allow_local_admin_password": true,
                "auto_generate_password": false,
                "change_sid": false,
                "enabled": true,
                "force": false,
                "initscript": "#!/bin/sh\r\n\r\n# resize disk\r\nparted /dev/sda resizepart 3 100% \u003e\u003e /var/log/startup.log\r\npvresize /dev/sda3 \u003e\u003e /var/log/startup.log\r\nlvextend -r -l +100%FREE /dev/ubuntu-vg/ubuntu-lv \u003e\u003e /var/log/startup.log\r\nresize2fs /dev/mapper/ubuntu--vg-ubuntu--lv \u003e\u003e /var/log/startup.log\r\n",
                "join_domain": false,
                "join_domain_account_ou": "",
                "join_domain_name": "",
                "join_domain_password": "",
                "join_domain_user": "",
                "join_org_domain": false,
                "must_change_password_on_first_login": false,
                "number_of_auto_logons": 1
              }
            ],
            "description": "",
            "disk": [],
            "expose_hardware_virtualization": false,
            "extra_config": [
              {
                "key": "vmotion.checkpointSVGAPrimarySize",
                "required": false,
                "value": "4194304"
              },
              {
                "key": "tools.remindInstall",
                "required": false,
                "value": "FALSE"
              },
              {
                "key": "pciBridge0.present",
                "required": true,
                "value": "TRUE"
              },
              {
                "key": "pciBridge6.functions",
                "required": false,
                "value": "8"
              },
              {
                "key": "vmware.tools.internalversion",
                "required": false,
                "value": "12325"
              },
              {
                "key": "vmware.tools.requiredversion",
                "required": false,
                "value": "12389"
              },
              {
                "key": "sched.swap.derivedName",
                "required": false,
                "value": "/vmfs/volumes/vsan:52d2e11f7137cfc8-695e61c7c29ced7b/0b87be67-5138-4e69-0eab-f8f21e51dca8/yash-terraform-test-nx5V-ddd95030.vswp"
              },
              {
                "key": "pciBridge5.virtualDev",
                "required": false,
                "value": "pcieRootPort"
              },
              {
                "key": "cloud.uuid",
                "required": false,
                "value": "9a3affd5-400d-468d-8def-8f0ddd2488d4"
              },
              {
                "key": "pciBridge4.present",
                "required": true,
                "value": "TRUE"
              },
              {
                "key": "nvram",
                "required": false,
                "value": "yash-terraform-test-nx5V.nvram"
              },
              {
                "key": "pciBridge5.present",
                "required": true,
                "value": "TRUE"
              },
              {
                "key": "vmotion.svga.mobMaxSize",
                "required": false,
                "value": "4194304"
              },
              {
                "key": "tools.guest.desktop.autolock",
                "required": false,
                "value": "FALSE"
              },
              {
                "key": "pciBridge6.pciSlotNumber",
                "required": false,
                "value": "23"
              },
              {
                "key": "pciBridge7.present",
                "required": true,
                "value": "TRUE"
              },
              {
                "key": "pciBridge6.present",
                "required": true,
                "value": "TRUE"
              },
              {
                "key": "pciBridge4.pciSlotNumber",
                "required": false,
                "value": "21"
              },
              {
                "key": "pciBridge6.virtualDev",
                "required": false,
                "value": "pcieRootPort"
              },
              {
                "key": "migrate.migrationId",
                "required": false,
                "value": "2881959493450119184"
              },
              {
                "key": "hpet0.present",
                "required": true,
                "value": "TRUE"
              },
              {
                "key": "guestInfo.detailed.data",
                "required": false,
                "value": "architecture='X86' bitness='64' distroName='Ubuntu 22.04.3 LTS' distroVersion='22.04' familyName='Linux' kernelVersion='5.15.0-91-generic' prettyName='Ubuntu 22.04.3 LTS'"
              },
              {
                "key": "migrate.hostLog",
                "required": false,
                "value": "yash-terraform-test-nx5V-6643b52e.hlog"
              },
              {
                "key": "numa.autosize.cookie",
                "required": false,
                "value": "20012"
              },
              {
                "key": "tools.deploypkg.filename",
                "required": false,
                "value": "cust6075666808035216676.cab"
              },
              {
                "key": "pciBridge5.functions",
                "required": false,
                "value": "8"
              },
              {
                "key": "vmotion.svga.graphicsMemoryKB",
                "required": false,
                "value": "4096"
              },
              {
                "key": "monitor.phys_bits_used",
                "required": false,
                "value": "45"
              },
              {
                "key": "svga.present",
                "required": true,
                "value": "TRUE"
              },
              {
                "key": "pciBridge7.pciSlotNumber",
                "required": false,
                "value": "24"
              },
              {
                "key": "pciBridge0.pciSlotNumber",
                "required": false,
                "value": "17"
              },
              {
                "key": "ethernet0.pciSlotNumber",
                "required": false,
                "value": "160"
              },
              {
                "key": "pciBridge7.functions",
                "required": false,
                "value": "8"
              },
              {
                "key": "scsi0.pciSlotNumber",
                "required": false,
                "value": "16"
              },
              {
                "key": "pciBridge7.virtualDev",
                "required": false,
                "value": "pcieRootPort"
              },
              {
                "key": "migrate.hostLogState",
                "required": false,
                "value": "none"
              },
              {
                "key": "pciBridge5.pciSlotNumber",
                "required": false,
                "value": "22"
              },
              {
                "key": "softPowerOff",
                "required": false,
                "value": "FALSE"
              },
              {
                "key": "svga.guestBackedPrimaryAware",
                "required": true,
                "value": "TRUE"
              },
              {
                "key": "viv.moid",
                "required": false,
                "value": "623cc3de-dc55-4c1f-a659-cf75fe1b46c2:vm-1187880:GCsyixjIG8H4IyMIuvJNjJhHF3kzcYM0DH1hASchZ9Q="
              },
              {
                "key": "toolsInstallManager.updateCounter",
                "required": true,
                "value": "1"
              },
              {
                "key": "scsi0:0.redo",
                "required": false,
                "value": ""
              },
              {
                "key": "guestinfo.ovfEnv",
                "required": false,
                "value": ""
              },
              {
                "key": "numa.autosize.vcpu.maxPerVirtualNode",
                "required": false,
                "value": "2"
              },
              {
                "key": "sched.cpu.latencySensitivity",
                "required": false,
                "value": "normal"
              },
              {
                "key": "pciBridge4.virtualDev",
                "required": false,
                "value": "pcieRootPort"
              },
              {
                "key": "pciBridge4.functions",
                "required": false,
                "value": "8"
              },
              {
                "key": "vmotion.checkpointFBSize",
                "required": false,
                "value": "4194304"
              }
            ],
            "firmware": "bios",
            "guest_properties": null,
            "hardware_version": "vmx-19",
            "href": "https://my1-dashboard.exabytes.cloud/api/vApp/vm-f6791623-5889-414c-b87c-ef3d84d23753",
            "id": "urn:vcloud:vm:f6791623-5889-414c-b87c-ef3d84d23753",
            "imported": false,
            "inherited_metadata": {
              "vm.origin.id": "905de4fb-9198-4fec-8376-4691909f5c8b",
              "vm.origin.name": "Ubuntu22LTS",
              "vm.origin.type": "com.vmware.vcloud.entity.vm"
            },
            "internal_disk": [
              {
                "bus_number": 0,
                "bus_type": "parallel",
                "disk_id": "2000",
                "iops": 0,
                "size_in_mb": 20480,
                "storage_profile": "FTT1-Medium-IOPs(Performance-VMC2)",
                "thin_provisioned": true,
                "unit_number": 0
              }
            ],
            "memory": 4096,
            "memory_hot_add_enabled": false,
            "memory_limit": null,
            "memory_priority": "NORMAL",
            "memory_reservation": 40,
            "memory_shares": 40960,
            "metadata": {},
            "metadata_entry": [],
            "name": "yash-terraform-test",
            "network": [
              {
                "adapter_type": "VMXNET3",
                "connected": true,
                "ip": "10.10.10.4",
                "ip_allocation_mode": "MANUAL",
                "is_primary": true,
                "mac": "00:50:56:14:07:c0",
                "name": "private",
                "secondary_ip": "",
                "secondary_ip_allocation_mode": "NONE",
                "type": "org"
              }
            ],
            "network_dhcp_wait_seconds": null,
            "org": "MY1VMC2-DEMO",
            "os_type": "ubuntu64Guest",
            "override_template_disk": [
              {
                "bus_number": 0,
                "bus_type": "parallel",
                "iops": null,
                "size_in_mb": 20480,
                "storage_profile": "FTT1-Medium-IOPs(Performance-VMC2)",
                "unit_number": 0
              }
            ],
            "placement_policy_id": "",
            "power_on": true,
            "prevent_update_power_off": false,
            "security_tags": [],
            "set_extra_config": [],
            "sizing_policy_id": "urn:vcloud:vdcComputePolicy:7a686fd2-6c91-4756-9623-6591e43343f5",
            "status": 4,
            "status_text": "POWERED_ON",
            "storage_profile": "FTT1-Low-IOPs(Basic-VMC2)",
            "template_name": null,
            "vapp_id": "urn:vcloud:vapp:b82ec795-c4f7-4de4-adce-5e6c907e85af",
            "vapp_name": "jenkins-vapp",
            "vapp_template_id": "d2123d78-afc8-441a-a11d-b3b64d1cd03f",
            "vdc": "MY1VMC2-DemoVDC",
            "vm_name_in_template": null,
            "vm_type": "vcd_vapp_vm"
          },
          "sensitive_attributes": [
            [
              {
                "type": "get_attr",
                "value": "customization"
              },
              {
                "type": "index",
                "value": {
                  "value": 0,
                  "type": "number"
                }
              },
              {
                "type": "get_attr",
                "value": "join_domain_password"
              }
            ],
            [
              {
                "type": "get_attr",
                "value": "customization"
              },
              {
                "type": "index",
                "value": {
                  "value": 0,
                  "type": "number"
                }
              },
              {
                "type": "get_attr",
                "value": "admin_password"
              }
            ]
          ],
          "private": "bnVsbA=="
        }
      ]
    }
  ],
  "check_results": null
}
